
Microsoft Visual Studio Solution File, Format Version 12.00
# Visual Studio Version 16
VisualStudioVersion = 16.0.32228.343
MinimumVisualStudioVersion = 10.0.40219.1
Project("{9A19103F-16F7-4668-BE54-9A1E7A4F7556}") = "TaxService", "TaxService.csproj", "{5F0662AF-7DF1-40E0-9923-B518E48FF9F0}"
EndProject
Project("{9A19103F-16F7-4668-BE54-9A1E7A4F7556}") = "TaxService.Test", "..\TaxService.Test\TaxService.Test.csproj", "{D064D8F7-193D-4860-8BEB-456F749613AF}"
EndProject
Global
	GlobalSection(SolutionConfigurationPlatforms) = preSolution
		Debug|Any CPU = Debug|Any CPU
		Release|Any CPU = Release|Any CPU
	EndGlobalSection
	GlobalSection(ProjectConfigurationPlatforms) = postSolution
		{5F0662AF-7DF1-40E0-9923-B518E48FF9F0}.Debug|Any CPU.ActiveCfg = Debug|Any CPU
		{5F0662AF-7DF1-40E0-9923-B518E48FF9F0}.Debug|Any CPU.Build.0 = Debug|Any CPU
		{5F0662AF-7DF1-40E0-9923-B518E48FF9F0}.Release|Any CPU.ActiveCfg = Release|Any CPU
		{5F0662AF-7DF1-40E0-9923-B518E48FF9F0}.Release|Any CPU.Build.0 = Release|Any CPU
		{D064D8F7-193D-4860-8BEB-456F749613AF}.Debug|Any CPU.ActiveCfg = Debug|Any CPU
		{D064D8F7-193D-4860-8BEB-456F749613AF}.Debug|Any CPU.Build.0 = Debug|Any CPU
		{D064D8F7-193D-4860-8BEB-456F749613AF}.Release|Any CPU.ActiveCfg = Release|Any CPU
		{D064D8F7-193D-4860-8BEB-456F749613AF}.Release|Any CPU.Build.0 = Release|Any CPU
	EndGlobalSection
	GlobalSection(SolutionProperties) = preSolution
		HideSolutionNode = FALSE
	EndGlobalSection
	GlobalSection(ExtensibilityGlobals) = postSolution
		SolutionGuid = {471C24F4-B21E-41A7-99B0-3005545DDC39}
	EndGlobalSection
EndGlobal
